
Microsoft Visual Studio Solution File, Format Version 12.00
# Visual Studio Version 16
VisualStudioVersion = 16.0.29806.167
MinimumVisualStudioVersion = 10.0.40219.1
Project("{FAE04EC0-301F-11D3-BF4B-00C04F79EFBC}") = "Hi-Tech Order Management System", "Hi-Tech Order Management System.csproj", "{921CD3F7-4600-4298-A6DA-D189B9BE318D}"
EndProject
Global
	GlobalSection(SolutionConfigurationPlatforms) = preSolution
		Debug|Any CPU = Debug|Any CPU
		Release|Any CPU = Release|Any CPU
	EndGlobalSection
	GlobalSection(ProjectConfigurationPlatforms) = postSolution
		{921CD3F7-4600-4298-A6DA-D189B9BE318D}.Debug|Any CPU.ActiveCfg = Debug|Any CPU
		{921CD3F7-4600-4298-A6DA-D189B9BE318D}.Debug|Any CPU.Build.0 = Debug|Any CPU
		{921CD3F7-4600-4298-A6DA-D189B9BE318D}.Release|Any CPU.ActiveCfg = Release|Any CPU
		{921CD3F7-4600-4298-A6DA-D189B9BE318D}.Release|Any CPU.Build.0 = Release|Any CPU
	EndGlobalSection
	GlobalSection(SolutionProperties) = preSolution
		HideSolutionNode = FALSE
	EndGlobalSection
	GlobalSection(ExtensibilityGlobals) = postSolution
		SolutionGuid = {7D42BE28-600A-47A1-9E71-0388FB502616}
	EndGlobalSection
EndGlobal
